// !$*UTF8*$!
{
	archiveVersion = 1;
	classes = {
	};
	objectVersion = 46;
	objects = {

/* Begin PBXBuildFile section */
		5CD2ADDD1DA6CEBA00BB17EA /* G4XSwiper.framework in Frameworks */ = {isa = PBXBuildFile; fileRef = E55BFC3A1D2FE974003F29D0 /* G4XSwiper.framework */; };
		925020481BF0DCA200A7BE98 /* UIAlertController+CustomUIAlertController.m in Sources */ = {isa = PBXBuildFile; fileRef = 925020471BF0DCA200A7BE98 /* UIAlertController+CustomUIAlertController.m */; };
		925020551BF1064B00A7BE98 /* KVNProgressView.xib in Resources */ = {isa = PBXBuildFile; fileRef = 9250204A1BF1064B00A7BE98 /* KVNProgressView.xib */; };
		925020561BF1064B00A7BE98 /* KVNProgress.m in Sources */ = {isa = PBXBuildFile; fileRef = 9250204C1BF1064B00A7BE98 /* KVNProgress.m */; };
		925020571BF1064B00A7BE98 /* KVNProgressConfiguration.m in Sources */ = {isa = PBXBuildFile; fileRef = 9250204E1BF1064B00A7BE98 /* KVNProgressConfiguration.m */; };
		925020581BF1064B00A7BE98 /* UIColor+KVNContrast.m in Sources */ = {isa = PBXBuildFile; fileRef = 925020501BF1064B00A7BE98 /* UIColor+KVNContrast.m */; };
		925020591BF1064B00A7BE98 /* UIImage+KVNEmpty.m in Sources */ = {isa = PBXBuildFile; fileRef = 925020521BF1064B00A7BE98 /* UIImage+KVNEmpty.m */; };
		9250205A1BF1064B00A7BE98 /* UIImage+KVNImageEffects.m in Sources */ = {isa = PBXBuildFile; fileRef = 925020541BF1064B00A7BE98 /* UIImage+KVNImageEffects.m */; };
		925020601BF1076800A7BE98 /* M13ProgressView.m in Sources */ = {isa = PBXBuildFile; fileRef = 9250205D1BF1076800A7BE98 /* M13ProgressView.m */; };
		925020671BF107AD00A7BE98 /* M13ProgressViewImage.m in Sources */ = {isa = PBXBuildFile; fileRef = 925020661BF107AD00A7BE98 /* M13ProgressViewImage.m */; };
		9250206D1BF107B800A7BE98 /* FBShimmeringView.m in Sources */ = {isa = PBXBuildFile; fileRef = 9250206A1BF107B800A7BE98 /* FBShimmeringView.m */; };
		9250206E1BF107B800A7BE98 /* FBShimmeringLayer.m in Sources */ = {isa = PBXBuildFile; fileRef = 9250206C1BF107B800A7BE98 /* FBShimmeringLayer.m */; };
		9269C2141C6485DA004D1667 /* clover-go-logo.png in Resources */ = {isa = PBXBuildFile; fileRef = 9269C2131C6485DA004D1667 /* clover-go-logo.png */; };
		92793BC31C649275000FFDE9 /* NSNumber+Extras.m in Sources */ = {isa = PBXBuildFile; fileRef = 92793BC21C649275000FFDE9 /* NSNumber+Extras.m */; };
		928DE6FB1BF0236000DF33F8 /* main.m in Sources */ = {isa = PBXBuildFile; fileRef = 928DE6FA1BF0236000DF33F8 /* main.m */; };
		928DE6FE1BF0236000DF33F8 /* AppDelegate.m in Sources */ = {isa = PBXBuildFile; fileRef = 928DE6FD1BF0236000DF33F8 /* AppDelegate.m */; };
		928DE7011BF0236000DF33F8 /* ViewController.m in Sources */ = {isa = PBXBuildFile; fileRef = 928DE7001BF0236000DF33F8 /* ViewController.m */; };
		928DE7061BF0236000DF33F8 /* Assets.xcassets in Resources */ = {isa = PBXBuildFile; fileRef = 928DE7051BF0236000DF33F8 /* Assets.xcassets */; };
		928DE7091BF0236000DF33F8 /* LaunchScreen.storyboard in Resources */ = {isa = PBXBuildFile; fileRef = 928DE7071BF0236000DF33F8 /* LaunchScreen.storyboard */; };
		928DE72C1BF027A300DF33F8 /* libstdc++.6.tbd in Frameworks */ = {isa = PBXBuildFile; fileRef = 928DE72B1BF027A300DF33F8 /* libstdc++.6.tbd */; };
		928DE74B1BF0398700DF33F8 /* AVFoundation.framework in Frameworks */ = {isa = PBXBuildFile; fileRef = 928DE74A1BF0398700DF33F8 /* AVFoundation.framework */; };
		928DE74D1BF0398F00DF33F8 /* AudioToolbox.framework in Frameworks */ = {isa = PBXBuildFile; fileRef = 928DE74C1BF0398F00DF33F8 /* AudioToolbox.framework */; };
		928DE74F1BF03B3600DF33F8 /* MediaPlayer.framework in Frameworks */ = {isa = PBXBuildFile; fileRef = 928DE74E1BF03B3600DF33F8 /* MediaPlayer.framework */; };
		92A2008A1C6E2AFC00E0CC17 /* SystemConfiguration.framework in Frameworks */ = {isa = PBXBuildFile; fileRef = 92A200891C6E2AFC00E0CC17 /* SystemConfiguration.framework */; };
		92A2008C1C6E2B0800E0CC17 /* MobileCoreServices.framework in Frameworks */ = {isa = PBXBuildFile; fileRef = 92A2008B1C6E2B0800E0CC17 /* MobileCoreServices.framework */; };
		92AAA7BF1C64637800718AD2 /* SignatureViewController.m in Sources */ = {isa = PBXBuildFile; fileRef = 92AAA7BE1C64637800718AD2 /* SignatureViewController.m */; };
		92AAA7C21C646B7100718AD2 /* Main.storyboard in Resources */ = {isa = PBXBuildFile; fileRef = 92AAA7C01C646B7100718AD2 /* Main.storyboard */; };
		B3E7E5861DB9539800BAE428 /* CloverGo.framework in Frameworks */ = {isa = PBXBuildFile; fileRef = B3E7E5851DB9539800BAE428 /* CloverGo.framework */; };
		B3E7E5881DB9545B00BAE428 /* settings.plist in Resources */ = {isa = PBXBuildFile; fileRef = B3E7E5871DB9545B00BAE428 /* settings.plist */; };
		E503F37C1D056AF600098E4C /* SignatureCaptureView.m in Sources */ = {isa = PBXBuildFile; fileRef = E503F37B1D056AF600098E4C /* SignatureCaptureView.m */; };
		E55BFC3E1D2FE974003F29D0 /* RPx_BLE.framework in Frameworks */ = {isa = PBXBuildFile; fileRef = E55BFC3B1D2FE974003F29D0 /* RPx_BLE.framework */; };
		E55BFC3F1D2FE974003F29D0 /* RUA_BLE.framework in Frameworks */ = {isa = PBXBuildFile; fileRef = E55BFC3C1D2FE974003F29D0 /* RUA_BLE.framework */; };
		E55BFC451D2FEC33003F29D0 /* CoreBluetooth.framework in Frameworks */ = {isa = PBXBuildFile; fileRef = E55BFC441D2FEC33003F29D0 /* CoreBluetooth.framework */; };
		E55BFC471D2FED83003F29D0 /* Foundation.framework in Frameworks */ = {isa = PBXBuildFile; fileRef = E55BFC461D2FED83003F29D0 /* Foundation.framework */; };
		E569D6551CF41BE40044D24E /* HomeViewController.m in Sources */ = {isa = PBXBuildFile; fileRef = E569D6541CF41BE40044D24E /* HomeViewController.m */; };
		E569D6581CF427680044D24E /* InventoryTableTableViewController.m in Sources */ = {isa = PBXBuildFile; fileRef = E569D6571CF427680044D24E /* InventoryTableTableViewController.m */; };
		E569D65B1CF455040044D24E /* TaxRateTableViewController.m in Sources */ = {isa = PBXBuildFile; fileRef = E569D65A1CF455040044D24E /* TaxRateTableViewController.m */; };
/* End PBXBuildFile section */

/* Begin PBXCopyFilesBuildPhase section */
		92AAA7B51C64201600718AD2 /* Embed Frameworks */ = {
			isa = PBXCopyFilesBuildPhase;
			buildActionMask = 2147483647;
			dstPath = "";
			dstSubfolderSpec = 10;
			files = (
			);
			name = "Embed Frameworks";
			runOnlyForDeploymentPostprocessing = 0;
		};
/* End PBXCopyFilesBuildPhase section */

/* Begin PBXFileReference section */
		925020461BF0DCA200A7BE98 /* UIAlertController+CustomUIAlertController.h */ = {isa = PBXFileReference; fileEncoding = 4; lastKnownFileType = sourcecode.c.h; path = "UIAlertController+CustomUIAlertController.h"; sourceTree = "<group>"; };
		925020471BF0DCA200A7BE98 /* UIAlertController+CustomUIAlertController.m */ = {isa = PBXFileReference; fileEncoding = 4; lastKnownFileType = sourcecode.c.objc; path = "UIAlertController+CustomUIAlertController.m"; sourceTree = "<group>"; };
		9250204A1BF1064B00A7BE98 /* KVNProgressView.xib */ = {isa = PBXFileReference; fileEncoding = 4; lastKnownFileType = file.xib; path = KVNProgressView.xib; sourceTree = "<group>"; };
		9250204B1BF1064B00A7BE98 /* KVNProgress.h */ = {isa = PBXFileReference; fileEncoding = 4; lastKnownFileType = sourcecode.c.h; path = KVNProgress.h; sourceTree = "<group>"; };
		9250204C1BF1064B00A7BE98 /* KVNProgress.m */ = {isa = PBXFileReference; fileEncoding = 4; lastKnownFileType = sourcecode.c.objc; path = KVNProgress.m; sourceTree = "<group>"; };
		9250204D1BF1064B00A7BE98 /* KVNProgressConfiguration.h */ = {isa = PBXFileReference; fileEncoding = 4; lastKnownFileType = sourcecode.c.h; path = KVNProgressConfiguration.h; sourceTree = "<group>"; };
		9250204E1BF1064B00A7BE98 /* KVNProgressConfiguration.m */ = {isa = PBXFileReference; fileEncoding = 4; lastKnownFileType = sourcecode.c.objc; path = KVNProgressConfiguration.m; sourceTree = "<group>"; };
		9250204F1BF1064B00A7BE98 /* UIColor+KVNContrast.h */ = {isa = PBXFileReference; fileEncoding = 4; lastKnownFileType = sourcecode.c.h; path = "UIColor+KVNContrast.h"; sourceTree = "<group>"; };
		925020501BF1064B00A7BE98 /* UIColor+KVNContrast.m */ = {isa = PBXFileReference; fileEncoding = 4; lastKnownFileType = sourcecode.c.objc; path = "UIColor+KVNContrast.m"; sourceTree = "<group>"; };
		925020511BF1064B00A7BE98 /* UIImage+KVNEmpty.h */ = {isa = PBXFileReference; fileEncoding = 4; lastKnownFileType = sourcecode.c.h; path = "UIImage+KVNEmpty.h"; sourceTree = "<group>"; };
		925020521BF1064B00A7BE98 /* UIImage+KVNEmpty.m */ = {isa = PBXFileReference; fileEncoding = 4; lastKnownFileType = sourcecode.c.objc; path = "UIImage+KVNEmpty.m"; sourceTree = "<group>"; };
		925020531BF1064B00A7BE98 /* UIImage+KVNImageEffects.h */ = {isa = PBXFileReference; fileEncoding = 4; lastKnownFileType = sourcecode.c.h; path = "UIImage+KVNImageEffects.h"; sourceTree = "<group>"; };
		925020541BF1064B00A7BE98 /* UIImage+KVNImageEffects.m */ = {isa = PBXFileReference; fileEncoding = 4; lastKnownFileType = sourcecode.c.objc; path = "UIImage+KVNImageEffects.m"; sourceTree = "<group>"; };
		9250205C1BF1076800A7BE98 /* M13ProgressView.h */ = {isa = PBXFileReference; fileEncoding = 4; lastKnownFileType = sourcecode.c.h; path = M13ProgressView.h; sourceTree = "<group>"; };
		9250205D1BF1076800A7BE98 /* M13ProgressView.m */ = {isa = PBXFileReference; fileEncoding = 4; lastKnownFileType = sourcecode.c.objc; path = M13ProgressView.m; sourceTree = "<group>"; };
		925020651BF107AD00A7BE98 /* M13ProgressViewImage.h */ = {isa = PBXFileReference; fileEncoding = 4; lastKnownFileType = sourcecode.c.h; path = M13ProgressViewImage.h; sourceTree = "<group>"; };
		925020661BF107AD00A7BE98 /* M13ProgressViewImage.m */ = {isa = PBXFileReference; fileEncoding = 4; lastKnownFileType = sourcecode.c.objc; path = M13ProgressViewImage.m; sourceTree = "<group>"; };
		925020681BF107B800A7BE98 /* FBShimmering.h */ = {isa = PBXFileReference; fileEncoding = 4; lastKnownFileType = sourcecode.c.h; path = FBShimmering.h; sourceTree = "<group>"; };
		925020691BF107B800A7BE98 /* FBShimmeringView.h */ = {isa = PBXFileReference; fileEncoding = 4; lastKnownFileType = sourcecode.c.h; path = FBShimmeringView.h; sourceTree = "<group>"; };
		9250206A1BF107B800A7BE98 /* FBShimmeringView.m */ = {isa = PBXFileReference; fileEncoding = 4; lastKnownFileType = sourcecode.c.objc; path = FBShimmeringView.m; sourceTree = "<group>"; };
		9250206B1BF107B800A7BE98 /* FBShimmeringLayer.h */ = {isa = PBXFileReference; fileEncoding = 4; lastKnownFileType = sourcecode.c.h; path = FBShimmeringLayer.h; sourceTree = "<group>"; };
		9250206C1BF107B800A7BE98 /* FBShimmeringLayer.m */ = {isa = PBXFileReference; fileEncoding = 4; lastKnownFileType = sourcecode.c.objc; path = FBShimmeringLayer.m; sourceTree = "<group>"; };
		9269C2131C6485DA004D1667 /* clover-go-logo.png */ = {isa = PBXFileReference; lastKnownFileType = image.png; path = "clover-go-logo.png"; sourceTree = "<group>"; };
		92793BC11C64926D000FFDE9 /* NSNumber+Extras.h */ = {isa = PBXFileReference; fileEncoding = 4; lastKnownFileType = sourcecode.c.h; path = "NSNumber+Extras.h"; sourceTree = "<group>"; };
		92793BC21C649275000FFDE9 /* NSNumber+Extras.m */ = {isa = PBXFileReference; fileEncoding = 4; lastKnownFileType = sourcecode.c.objc; path = "NSNumber+Extras.m"; sourceTree = "<group>"; };
		928DE6F61BF0236000DF33F8 /* CloverGoSample.app */ = {isa = PBXFileReference; explicitFileType = wrapper.application; includeInIndex = 0; path = CloverGoSample.app; sourceTree = BUILT_PRODUCTS_DIR; };
		928DE6FA1BF0236000DF33F8 /* main.m */ = {isa = PBXFileReference; lastKnownFileType = sourcecode.c.objc; path = main.m; sourceTree = "<group>"; };
		928DE6FC1BF0236000DF33F8 /* AppDelegate.h */ = {isa = PBXFileReference; lastKnownFileType = sourcecode.c.h; path = AppDelegate.h; sourceTree = "<group>"; };
		928DE6FD1BF0236000DF33F8 /* AppDelegate.m */ = {isa = PBXFileReference; lastKnownFileType = sourcecode.c.objc; path = AppDelegate.m; sourceTree = "<group>"; };
		928DE6FF1BF0236000DF33F8 /* ViewController.h */ = {isa = PBXFileReference; lastKnownFileType = sourcecode.c.h; path = ViewController.h; sourceTree = "<group>"; };
		928DE7001BF0236000DF33F8 /* ViewController.m */ = {isa = PBXFileReference; lastKnownFileType = sourcecode.c.objc; path = ViewController.m; sourceTree = "<group>"; };
		928DE7051BF0236000DF33F8 /* Assets.xcassets */ = {isa = PBXFileReference; lastKnownFileType = folder.assetcatalog; path = Assets.xcassets; sourceTree = "<group>"; };
		928DE7081BF0236000DF33F8 /* Base */ = {isa = PBXFileReference; lastKnownFileType = file.storyboard; name = Base; path = Base.lproj/LaunchScreen.storyboard; sourceTree = "<group>"; };
		928DE70A1BF0236000DF33F8 /* Info.plist */ = {isa = PBXFileReference; lastKnownFileType = text.plist.xml; path = Info.plist; sourceTree = "<group>"; };
		928DE72B1BF027A300DF33F8 /* libstdc++.6.tbd */ = {isa = PBXFileReference; lastKnownFileType = "sourcecode.text-based-dylib-definition"; name = "libstdc++.6.tbd"; path = "usr/lib/libstdc++.6.tbd"; sourceTree = SDKROOT; };
		928DE74A1BF0398700DF33F8 /* AVFoundation.framework */ = {isa = PBXFileReference; lastKnownFileType = wrapper.framework; name = AVFoundation.framework; path = System/Library/Frameworks/AVFoundation.framework; sourceTree = SDKROOT; };
		928DE74C1BF0398F00DF33F8 /* AudioToolbox.framework */ = {isa = PBXFileReference; lastKnownFileType = wrapper.framework; name = AudioToolbox.framework; path = System/Library/Frameworks/AudioToolbox.framework; sourceTree = SDKROOT; };
		928DE74E1BF03B3600DF33F8 /* MediaPlayer.framework */ = {isa = PBXFileReference; lastKnownFileType = wrapper.framework; name = MediaPlayer.framework; path = System/Library/Frameworks/MediaPlayer.framework; sourceTree = SDKROOT; };
		92A200891C6E2AFC00E0CC17 /* SystemConfiguration.framework */ = {isa = PBXFileReference; lastKnownFileType = wrapper.framework; name = SystemConfiguration.framework; path = System/Library/Frameworks/SystemConfiguration.framework; sourceTree = SDKROOT; };
		92A2008B1C6E2B0800E0CC17 /* MobileCoreServices.framework */ = {isa = PBXFileReference; lastKnownFileType = wrapper.framework; name = MobileCoreServices.framework; path = System/Library/Frameworks/MobileCoreServices.framework; sourceTree = SDKROOT; };
		92AAA7BD1C64637800718AD2 /* SignatureViewController.h */ = {isa = PBXFileReference; fileEncoding = 4; lastKnownFileType = sourcecode.c.h; path = SignatureViewController.h; sourceTree = "<group>"; };
		92AAA7BE1C64637800718AD2 /* SignatureViewController.m */ = {isa = PBXFileReference; fileEncoding = 4; lastKnownFileType = sourcecode.c.objc; path = SignatureViewController.m; sourceTree = "<group>"; };
		92AAA7C11C646B7100718AD2 /* Base */ = {isa = PBXFileReference; lastKnownFileType = file.storyboard; name = Base; path = Base.lproj/Main.storyboard; sourceTree = "<group>"; };
		B3E7E5851DB9539800BAE428 /* CloverGo.framework */ = {isa = PBXFileReference; lastKnownFileType = wrapper.framework; path = CloverGo.framework; sourceTree = "<group>"; };
		B3E7E5871DB9545B00BAE428 /* settings.plist */ = {isa = PBXFileReference; fileEncoding = 4; lastKnownFileType = text.plist.xml; path = settings.plist; sourceTree = "<group>"; };
		E503F37A1D056A9800098E4C /* SignatureCaptureView.h */ = {isa = PBXFileReference; fileEncoding = 4; lastKnownFileType = sourcecode.c.h; path = SignatureCaptureView.h; sourceTree = "<group>"; };
		E503F37B1D056AF600098E4C /* SignatureCaptureView.m */ = {isa = PBXFileReference; fileEncoding = 4; lastKnownFileType = sourcecode.c.objc; path = SignatureCaptureView.m; sourceTree = "<group>"; };
		E55BFC3A1D2FE974003F29D0 /* G4XSwiper.framework */ = {isa = PBXFileReference; lastKnownFileType = wrapper.framework; path = G4XSwiper.framework; sourceTree = "<group>"; };
		E55BFC3B1D2FE974003F29D0 /* RPx_BLE.framework */ = {isa = PBXFileReference; lastKnownFileType = wrapper.framework; path = RPx_BLE.framework; sourceTree = "<group>"; };
		E55BFC3C1D2FE974003F29D0 /* RUA_BLE.framework */ = {isa = PBXFileReference; lastKnownFileType = wrapper.framework; path = RUA_BLE.framework; sourceTree = "<group>"; };
		E55BFC441D2FEC33003F29D0 /* CoreBluetooth.framework */ = {isa = PBXFileReference; lastKnownFileType = wrapper.framework; name = CoreBluetooth.framework; path = System/Library/Frameworks/CoreBluetooth.framework; sourceTree = SDKROOT; };
		E55BFC461D2FED83003F29D0 /* Foundation.framework */ = {isa = PBXFileReference; lastKnownFileType = wrapper.framework; name = Foundation.framework; path = System/Library/Frameworks/Foundation.framework; sourceTree = SDKROOT; };
		E569D6531CF41BE40044D24E /* HomeViewController.h */ = {isa = PBXFileReference; fileEncoding = 4; lastKnownFileType = sourcecode.c.h; path = HomeViewController.h; sourceTree = "<group>"; };
		E569D6541CF41BE40044D24E /* HomeViewController.m */ = {isa = PBXFileReference; fileEncoding = 4; lastKnownFileType = sourcecode.c.objc; path = HomeViewController.m; sourceTree = "<group>"; };
		E569D6561CF427680044D24E /* InventoryTableTableViewController.h */ = {isa = PBXFileReference; fileEncoding = 4; lastKnownFileType = sourcecode.c.h; path = InventoryTableTableViewController.h; sourceTree = "<group>"; };
		E569D6571CF427680044D24E /* InventoryTableTableViewController.m */ = {isa = PBXFileReference; fileEncoding = 4; lastKnownFileType = sourcecode.c.objc; path = InventoryTableTableViewController.m; sourceTree = "<group>"; };
		E569D6591CF455040044D24E /* TaxRateTableViewController.h */ = {isa = PBXFileReference; fileEncoding = 4; lastKnownFileType = sourcecode.c.h; path = TaxRateTableViewController.h; sourceTree = "<group>"; };
		E569D65A1CF455040044D24E /* TaxRateTableViewController.m */ = {isa = PBXFileReference; fileEncoding = 4; lastKnownFileType = sourcecode.c.objc; path = TaxRateTableViewController.m; sourceTree = "<group>"; };
		E5E30A4E1CF843EB005D35E2 /* ExternalAccessory.framework */ = {isa = PBXFileReference; lastKnownFileType = wrapper.framework; name = ExternalAccessory.framework; path = System/Library/Frameworks/ExternalAccessory.framework; sourceTree = SDKROOT; };
/* End PBXFileReference section */

/* Begin PBXFrameworksBuildPhase section */
		928DE6F31BF0236000DF33F8 /* Frameworks */ = {
			isa = PBXFrameworksBuildPhase;
			buildActionMask = 2147483647;
			files = (
				5CD2ADDD1DA6CEBA00BB17EA /* G4XSwiper.framework in Frameworks */,
				E55BFC471D2FED83003F29D0 /* Foundation.framework in Frameworks */,
				E55BFC451D2FEC33003F29D0 /* CoreBluetooth.framework in Frameworks */,
				B3E7E5861DB9539800BAE428 /* CloverGo.framework in Frameworks */,
				E55BFC3E1D2FE974003F29D0 /* RPx_BLE.framework in Frameworks */,
				92A2008C1C6E2B0800E0CC17 /* MobileCoreServices.framework in Frameworks */,
				92A2008A1C6E2AFC00E0CC17 /* SystemConfiguration.framework in Frameworks */,
				928DE74F1BF03B3600DF33F8 /* MediaPlayer.framework in Frameworks */,
				E55BFC3F1D2FE974003F29D0 /* RUA_BLE.framework in Frameworks */,
				928DE74D1BF0398F00DF33F8 /* AudioToolbox.framework in Frameworks */,
				928DE74B1BF0398700DF33F8 /* AVFoundation.framework in Frameworks */,
				928DE72C1BF027A300DF33F8 /* libstdc++.6.tbd in Frameworks */,
			);
			runOnlyForDeploymentPostprocessing = 0;
		};
/* End PBXFrameworksBuildPhase section */

/* Begin PBXGroup section */
		9250205B1BF1065100A7BE98 /* KVNSpinner */ = {
			isa = PBXGroup;
			children = (
				92793BC11C64926D000FFDE9 /* NSNumber+Extras.h */,
				92793BC21C649275000FFDE9 /* NSNumber+Extras.m */,
				925020681BF107B800A7BE98 /* FBShimmering.h */,
				925020691BF107B800A7BE98 /* FBShimmeringView.h */,
				9250206A1BF107B800A7BE98 /* FBShimmeringView.m */,
				9250206B1BF107B800A7BE98 /* FBShimmeringLayer.h */,
				9250206C1BF107B800A7BE98 /* FBShimmeringLayer.m */,
				925020651BF107AD00A7BE98 /* M13ProgressViewImage.h */,
				925020661BF107AD00A7BE98 /* M13ProgressViewImage.m */,
				9250205C1BF1076800A7BE98 /* M13ProgressView.h */,
				9250205D1BF1076800A7BE98 /* M13ProgressView.m */,
				9250204A1BF1064B00A7BE98 /* KVNProgressView.xib */,
				9250204B1BF1064B00A7BE98 /* KVNProgress.h */,
				9250204C1BF1064B00A7BE98 /* KVNProgress.m */,
				9250204D1BF1064B00A7BE98 /* KVNProgressConfiguration.h */,
				9250204E1BF1064B00A7BE98 /* KVNProgressConfiguration.m */,
				9250204F1BF1064B00A7BE98 /* UIColor+KVNContrast.h */,
				925020501BF1064B00A7BE98 /* UIColor+KVNContrast.m */,
				925020511BF1064B00A7BE98 /* UIImage+KVNEmpty.h */,
				925020521BF1064B00A7BE98 /* UIImage+KVNEmpty.m */,
				925020531BF1064B00A7BE98 /* UIImage+KVNImageEffects.h */,
				925020541BF1064B00A7BE98 /* UIImage+KVNImageEffects.m */,
			);
			name = KVNSpinner;
			sourceTree = "<group>";
		};
		928DE6ED1BF0235F00DF33F8 = {
			isa = PBXGroup;
			children = (
				B3E7E5851DB9539800BAE428 /* CloverGo.framework */,
				E55BFC461D2FED83003F29D0 /* Foundation.framework */,
				E55BFC441D2FEC33003F29D0 /* CoreBluetooth.framework */,
				E55BFC3A1D2FE974003F29D0 /* G4XSwiper.framework */,
				E55BFC3B1D2FE974003F29D0 /* RPx_BLE.framework */,
				E55BFC3C1D2FE974003F29D0 /* RUA_BLE.framework */,
				E5E30A4E1CF843EB005D35E2 /* ExternalAccessory.framework */,
				92A2008B1C6E2B0800E0CC17 /* MobileCoreServices.framework */,
				92A200891C6E2AFC00E0CC17 /* SystemConfiguration.framework */,
				928DE74E1BF03B3600DF33F8 /* MediaPlayer.framework */,
				928DE74C1BF0398F00DF33F8 /* AudioToolbox.framework */,
				928DE74A1BF0398700DF33F8 /* AVFoundation.framework */,
				928DE72B1BF027A300DF33F8 /* libstdc++.6.tbd */,
				928DE6F81BF0236000DF33F8 /* CloverGoSample */,
				928DE6F71BF0236000DF33F8 /* Products */,
			);
			sourceTree = "<group>";
		};
		928DE6F71BF0236000DF33F8 /* Products */ = {
			isa = PBXGroup;
			children = (
				928DE6F61BF0236000DF33F8 /* CloverGoSample.app */,
			);
			name = Products;
			sourceTree = "<group>";
		};
		928DE6F81BF0236000DF33F8 /* CloverGoSample */ = {
			isa = PBXGroup;
			children = (
				9250205B1BF1065100A7BE98 /* KVNSpinner */,
				925020461BF0DCA200A7BE98 /* UIAlertController+CustomUIAlertController.h */,
				925020471BF0DCA200A7BE98 /* UIAlertController+CustomUIAlertController.m */,
				928DE6FC1BF0236000DF33F8 /* AppDelegate.h */,
				928DE6FD1BF0236000DF33F8 /* AppDelegate.m */,
				928DE6FF1BF0236000DF33F8 /* ViewController.h */,
				928DE7001BF0236000DF33F8 /* ViewController.m */,
				E569D6531CF41BE40044D24E /* HomeViewController.h */,
				E569D6541CF41BE40044D24E /* HomeViewController.m */,
				E569D6561CF427680044D24E /* InventoryTableTableViewController.h */,
				E569D6571CF427680044D24E /* InventoryTableTableViewController.m */,
				92AAA7BD1C64637800718AD2 /* SignatureViewController.h */,
				92AAA7BE1C64637800718AD2 /* SignatureViewController.m */,
				E569D6591CF455040044D24E /* TaxRateTableViewController.h */,
				E569D65A1CF455040044D24E /* TaxRateTableViewController.m */,
				928DE7051BF0236000DF33F8 /* Assets.xcassets */,
				9269C2131C6485DA004D1667 /* clover-go-logo.png */,
				92AAA7C01C646B7100718AD2 /* Main.storyboard */,
				928DE7071BF0236000DF33F8 /* LaunchScreen.storyboard */,
				928DE70A1BF0236000DF33F8 /* Info.plist */,
				B3E7E5871DB9545B00BAE428 /* settings.plist */,
				928DE6F91BF0236000DF33F8 /* Supporting Files */,
				E503F37A1D056A9800098E4C /* SignatureCaptureView.h */,
				E503F37B1D056AF600098E4C /* SignatureCaptureView.m */,
			);
			path = CloverGoSample;
			sourceTree = "<group>";
		};
		928DE6F91BF0236000DF33F8 /* Supporting Files */ = {
			isa = PBXGroup;
			children = (
				928DE6FA1BF0236000DF33F8 /* main.m */,
			);
			name = "Supporting Files";
			sourceTree = "<group>";
		};
/* End PBXGroup section */

/* Begin PBXNativeTarget section */
		928DE6F51BF0236000DF33F8 /* CloverGoSample */ = {
			isa = PBXNativeTarget;
			buildConfigurationList = 928DE70D1BF0236000DF33F8 /* Build configuration list for PBXNativeTarget "CloverGoSample" */;
			buildPhases = (
				928DE6F21BF0236000DF33F8 /* Sources */,
				928DE6F31BF0236000DF33F8 /* Frameworks */,
				928DE6F41BF0236000DF33F8 /* Resources */,
				92AAA7B51C64201600718AD2 /* Embed Frameworks */,
			);
			buildRules = (
			);
			dependencies = (
			);
			name = CloverGoSample;
			productName = CloverGoSample;
			productReference = 928DE6F61BF0236000DF33F8 /* CloverGoSample.app */;
			productType = "com.apple.product-type.application";
		};
/* End PBXNativeTarget section */

/* Begin PBXProject section */
		928DE6EE1BF0235F00DF33F8 /* Project object */ = {
			isa = PBXProject;
			attributes = {
				LastUpgradeCheck = 0800;
				ORGANIZATIONNAME = "First Data Inc";
				TargetAttributes = {
					928DE6F51BF0236000DF33F8 = {
						CreatedOnToolsVersion = 7.1;
						DevelopmentTeam = M5D2QJ5S24;
						ProvisioningStyle = Automatic;
						SystemCapabilities = {
							com.apple.BackgroundModes = {
								enabled = 1;
							};
						};
					};
				};
			};
			buildConfigurationList = 928DE6F11BF0235F00DF33F8 /* Build configuration list for PBXProject "CloverGoSample" */;
			compatibilityVersion = "Xcode 3.2";
			developmentRegion = English;
			hasScannedForEncodings = 0;
			knownRegions = (
				en,
				Base,
			);
			mainGroup = 928DE6ED1BF0235F00DF33F8;
			productRefGroup = 928DE6F71BF0236000DF33F8 /* Products */;
			projectDirPath = "";
			projectRoot = "";
			targets = (
				928DE6F51BF0236000DF33F8 /* CloverGoSample */,
			);
		};
/* End PBXProject section */

/* Begin PBXResourcesBuildPhase section */
		928DE6F41BF0236000DF33F8 /* Resources */ = {
			isa = PBXResourcesBuildPhase;
			buildActionMask = 2147483647;
			files = (
				9269C2141C6485DA004D1667 /* clover-go-logo.png in Resources */,
				B3E7E5881DB9545B00BAE428 /* settings.plist in Resources */,
				928DE7091BF0236000DF33F8 /* LaunchScreen.storyboard in Resources */,
				928DE7061BF0236000DF33F8 /* Assets.xcassets in Resources */,
				925020551BF1064B00A7BE98 /* KVNProgressView.xib in Resources */,
				92AAA7C21C646B7100718AD2 /* Main.storyboard in Resources */,
			);
			runOnlyForDeploymentPostprocessing = 0;
		};
/* End PBXResourcesBuildPhase section */

/* Begin PBXSourcesBuildPhase section */
		928DE6F21BF0236000DF33F8 /* Sources */ = {
			isa = PBXSourcesBuildPhase;
			buildActionMask = 2147483647;
			files = (
				925020581BF1064B00A7BE98 /* UIColor+KVNContrast.m in Sources */,
				925020481BF0DCA200A7BE98 /* UIAlertController+CustomUIAlertController.m in Sources */,
				E569D6581CF427680044D24E /* InventoryTableTableViewController.m in Sources */,
				E503F37C1D056AF600098E4C /* SignatureCaptureView.m in Sources */,
				925020571BF1064B00A7BE98 /* KVNProgressConfiguration.m in Sources */,
				92793BC31C649275000FFDE9 /* NSNumber+Extras.m in Sources */,
				928DE7011BF0236000DF33F8 /* ViewController.m in Sources */,
				92AAA7BF1C64637800718AD2 /* SignatureViewController.m in Sources */,
				E569D65B1CF455040044D24E /* TaxRateTableViewController.m in Sources */,
				925020561BF1064B00A7BE98 /* KVNProgress.m in Sources */,
				E569D6551CF41BE40044D24E /* HomeViewController.m in Sources */,
				925020671BF107AD00A7BE98 /* M13ProgressViewImage.m in Sources */,
				928DE6FE1BF0236000DF33F8 /* AppDelegate.m in Sources */,
				9250206D1BF107B800A7BE98 /* FBShimmeringView.m in Sources */,
				9250205A1BF1064B00A7BE98 /* UIImage+KVNImageEffects.m in Sources */,
				9250206E1BF107B800A7BE98 /* FBShimmeringLayer.m in Sources */,
				928DE6FB1BF0236000DF33F8 /* main.m in Sources */,
				925020591BF1064B00A7BE98 /* UIImage+KVNEmpty.m in Sources */,
				925020601BF1076800A7BE98 /* M13ProgressView.m in Sources */,
			);
			runOnlyForDeploymentPostprocessing = 0;
		};
/* End PBXSourcesBuildPhase section */

/* Begin PBXVariantGroup section */
		928DE7071BF0236000DF33F8 /* LaunchScreen.storyboard */ = {
			isa = PBXVariantGroup;
			children = (
				928DE7081BF0236000DF33F8 /* Base */,
			);
			name = LaunchScreen.storyboard;
			sourceTree = "<group>";
		};
		92AAA7C01C646B7100718AD2 /* Main.storyboard */ = {
			isa = PBXVariantGroup;
			children = (
				92AAA7C11C646B7100718AD2 /* Base */,
			);
			name = Main.storyboard;
			sourceTree = "<group>";
		};
/* End PBXVariantGroup section */

/* Begin XCBuildConfiguration section */
		928DE70B1BF0236000DF33F8 /* Debug */ = {
			isa = XCBuildConfiguration;
			buildSettings = {
				ALWAYS_SEARCH_USER_PATHS = NO;
				ASSETCATALOG_COMPILER_LAUNCHIMAGE_NAME = "";
				CLANG_CXX_LANGUAGE_STANDARD = "gnu++0x";
				CLANG_CXX_LIBRARY = "libc++";
				CLANG_ENABLE_MODULES = YES;
				CLANG_ENABLE_OBJC_ARC = YES;
				CLANG_WARN_BOOL_CONVERSION = YES;
				CLANG_WARN_CONSTANT_CONVERSION = YES;
				CLANG_WARN_DIRECT_OBJC_ISA_USAGE = YES_ERROR;
				CLANG_WARN_EMPTY_BODY = YES;
				CLANG_WARN_ENUM_CONVERSION = YES;
				CLANG_WARN_INFINITE_RECURSION = YES;
				CLANG_WARN_INT_CONVERSION = YES;
				CLANG_WARN_OBJC_ROOT_CLASS = YES_ERROR;
				CLANG_WARN_SUSPICIOUS_MOVE = YES;
				CLANG_WARN_UNREACHABLE_CODE = YES;
				CLANG_WARN__DUPLICATE_METHOD_MATCH = YES;
				CODE_SIGN_IDENTITY = "iPhone Developer";
				"CODE_SIGN_IDENTITY[sdk=iphoneos*]" = "iPhone Developer";
				COPY_PHASE_STRIP = NO;
				DEBUG_INFORMATION_FORMAT = dwarf;
				DEVELOPMENT_TEAM = 59DJ9EAG77;
				ENABLE_STRICT_OBJC_MSGSEND = YES;
				ENABLE_TESTABILITY = YES;
				GCC_C_LANGUAGE_STANDARD = gnu99;
				GCC_DYNAMIC_NO_PIC = NO;
				GCC_NO_COMMON_BLOCKS = YES;
				GCC_OPTIMIZATION_LEVEL = 0;
				GCC_PREPROCESSOR_DEFINITIONS = (
					"DEBUG=1",
					"$(inherited)",
				);
				GCC_WARN_64_TO_32_BIT_CONVERSION = YES;
				GCC_WARN_ABOUT_RETURN_TYPE = YES_ERROR;
				GCC_WARN_UNDECLARED_SELECTOR = YES;
				GCC_WARN_UNINITIALIZED_AUTOS = YES_AGGRESSIVE;
				GCC_WARN_UNUSED_FUNCTION = YES;
				GCC_WARN_UNUSED_VARIABLE = YES;
				IPHONEOS_DEPLOYMENT_TARGET = 9.1;
				MTL_ENABLE_DEBUG_INFO = YES;
				ONLY_ACTIVE_ARCH = YES;
				SDKROOT = iphoneos;
				TARGETED_DEVICE_FAMILY = "1,2";
			};
			name = Debug;
		};
		928DE70C1BF0236000DF33F8 /* Release */ = {
			isa = XCBuildConfiguration;
			buildSettings = {
				ALWAYS_SEARCH_USER_PATHS = NO;
				CLANG_CXX_LANGUAGE_STANDARD = "gnu++0x";
				CLANG_CXX_LIBRARY = "libc++";
				CLANG_ENABLE_MODULES = YES;
				CLANG_ENABLE_OBJC_ARC = YES;
				CLANG_WARN_BOOL_CONVERSION = YES;
				CLANG_WARN_CONSTANT_CONVERSION = YES;
				CLANG_WARN_DIRECT_OBJC_ISA_USAGE = YES_ERROR;
				CLANG_WARN_EMPTY_BODY = YES;
				CLANG_WARN_ENUM_CONVERSION = YES;
				CLANG_WARN_INFINITE_RECURSION = YES;
				CLANG_WARN_INT_CONVERSION = YES;
				CLANG_WARN_OBJC_ROOT_CLASS = YES_ERROR;
				CLANG_WARN_SUSPICIOUS_MOVE = YES;
				CLANG_WARN_UNREACHABLE_CODE = YES;
				CLANG_WARN__DUPLICATE_METHOD_MATCH = YES;
				CODE_SIGN_IDENTITY = "iPhone Developer";
				"CODE_SIGN_IDENTITY[sdk=iphoneos*]" = "iPhone Developer";
				COPY_PHASE_STRIP = NO;
				DEBUG_INFORMATION_FORMAT = "dwarf-with-dsym";
				DEVELOPMENT_TEAM = 59DJ9EAG77;
				ENABLE_NS_ASSERTIONS = NO;
				ENABLE_STRICT_OBJC_MSGSEND = YES;
				GCC_C_LANGUAGE_STANDARD = gnu99;
				GCC_NO_COMMON_BLOCKS = YES;
				GCC_WARN_64_TO_32_BIT_CONVERSION = YES;
				GCC_WARN_ABOUT_RETURN_TYPE = YES_ERROR;
				GCC_WARN_UNDECLARED_SELECTOR = YES;
				GCC_WARN_UNINITIALIZED_AUTOS = YES_AGGRESSIVE;
				GCC_WARN_UNUSED_FUNCTION = YES;
				GCC_WARN_UNUSED_VARIABLE = YES;
				IPHONEOS_DEPLOYMENT_TARGET = 9.1;
				MTL_ENABLE_DEBUG_INFO = NO;
				SDKROOT = iphoneos;
				TARGETED_DEVICE_FAMILY = "1,2";
				VALIDATE_PRODUCT = YES;
			};
			name = Release;
		};
		928DE70E1BF0236000DF33F8 /* Debug */ = {
			isa = XCBuildConfiguration;
			buildSettings = {
				ALWAYS_SEARCH_USER_PATHS = NO;
				ASSETCATALOG_COMPILER_APPICON_NAME = AppIcon;
				CLANG_ALLOW_NON_MODULAR_INCLUDES_IN_FRAMEWORK_MODULES = YES;
				CLANG_ENABLE_MODULES = YES;
				CODE_SIGN_IDENTITY = "iPhone Developer";
				"CODE_SIGN_IDENTITY[sdk=iphoneos*]" = "iPhone Developer";
				DEBUG_INFORMATION_FORMAT = dwarf;
				DEVELOPMENT_TEAM = M5D2QJ5S24;
				ENABLE_BITCODE = NO;
				FRAMEWORK_SEARCH_PATHS = (
					"$(SRCROOT)",
					"$(PROJECT_DIR)",
				);
				HEADER_SEARCH_PATHS = "$(inherited)";
				INFOPLIST_FILE = CloverGoSample/Info.plist;
				IPHONEOS_DEPLOYMENT_TARGET = 9.3;
				LD_RUNPATH_SEARCH_PATHS = "$(inherited) @executable_path/Frameworks @rpath/CloverGo.framework/Versions/Current/CloverGo @loader_path/../Library/Frameworks";
				LIBRARY_SEARCH_PATHS = (
					"$(inherited)",
					"$(PROJECT_DIR)",
				);
				OTHER_LDFLAGS = (
					"-all_load",
					"-ObjC",
					"-lstdc++",
				);
				PRODUCT_BUNDLE_IDENTIFIER = com.firstdata.hack2020;
				PRODUCT_NAME = "$(TARGET_NAME)";
				PROVISIONING_PROFILE = "";
				PROVISIONING_PROFILE_SPECIFIER = "";
				TARGETED_DEVICE_FAMILY = 1;
				USER_HEADER_SEARCH_PATHS = "";
			};
			name = Debug;
		};
		928DE70F1BF0236000DF33F8 /* Release */ = {
			isa = XCBuildConfiguration;
			buildSettings = {
				ALWAYS_SEARCH_USER_PATHS = NO;
				ASSETCATALOG_COMPILER_APPICON_NAME = AppIcon;
				CLANG_ALLOW_NON_MODULAR_INCLUDES_IN_FRAMEWORK_MODULES = YES;
				CLANG_ENABLE_MODULES = YES;
				CODE_SIGN_IDENTITY = "iPhone Developer";
				"CODE_SIGN_IDENTITY[sdk=iphoneos*]" = "iPhone Developer";
				DEBUG_INFORMATION_FORMAT = dwarf;
				DEVELOPMENT_TEAM = M5D2QJ5S24;
				ENABLE_BITCODE = NO;
				FRAMEWORK_SEARCH_PATHS = (
					"$(SRCROOT)",
					"$(PROJECT_DIR)",
				);
				HEADER_SEARCH_PATHS = "$(inherited)";
				INFOPLIST_FILE = CloverGoSample/Info.plist;
				IPHONEOS_DEPLOYMENT_TARGET = 9.3;
				LD_RUNPATH_SEARCH_PATHS = "$(inherited) @executable_path/Frameworks @rpath/CloverGo.framework/Versions/Current/CloverGo @loader_path/../Library/Frameworks";
				LIBRARY_SEARCH_PATHS = (
					"$(inherited)",
					"$(PROJECT_DIR)",
				);
				OTHER_LDFLAGS = (
					"-all_load",
					"-ObjC",
					"-lstdc++",
				);
				PRODUCT_BUNDLE_IDENTIFIER = com.firstdata.hack2020;
				PRODUCT_NAME = "$(TARGET_NAME)";
				PROVISIONING_PROFILE = "";
				PROVISIONING_PROFILE_SPECIFIER = "";
				TARGETED_DEVICE_FAMILY = 1;
				USER_HEADER_SEARCH_PATHS = "";
			};
			name = Release;
		};
/* End XCBuildConfiguration section */

/* Begin XCConfigurationList section */
		928DE6F11BF0235F00DF33F8 /* Build configuration list for PBXProject "CloverGoSample" */ = {
			isa = XCConfigurationList;
			buildConfigurations = (
				928DE70B1BF0236000DF33F8 /* Debug */,
				928DE70C1BF0236000DF33F8 /* Release */,
			);
			defaultConfigurationIsVisible = 0;
			defaultConfigurationName = Release;
		};
		928DE70D1BF0236000DF33F8 /* Build configuration list for PBXNativeTarget "CloverGoSample" */ = {
			isa = XCConfigurationList;
			buildConfigurations = (
				928DE70E1BF0236000DF33F8 /* Debug */,
				928DE70F1BF0236000DF33F8 /* Release */,
			);
			defaultConfigurationIsVisible = 0;
			defaultConfigurationName = Release;
		};
/* End XCConfigurationList section */
	};
	rootObject = 928DE6EE1BF0235F00DF33F8 /* Project object */;
}
